// !$*UTF8*$!
{
	archiveVersion = 1;
	classes = {
	};
	objectVersion = 50;
	objects = {

/* Begin PBXBuildFile section */
		B138A777264F0AFC000F28CE /* AppDelegate.swift in Sources */ = {isa = PBXBuildFile; fileRef = B138A776264F0AFC000F28CE /* AppDelegate.swift */; };
		B138A779264F0AFC000F28CE /* SceneDelegate.swift in Sources */ = {isa = PBXBuildFile; fileRef = B138A778264F0AFC000F28CE /* SceneDelegate.swift */; };
		B138A77B264F0AFC000F28CE /* ViewController.swift in Sources */ = {isa = PBXBuildFile; fileRef = B138A77A264F0AFC000F28CE /* ViewController.swift */; };
		B138A77E264F0AFD000F28CE /* Main.storyboard in Resources */ = {isa = PBXBuildFile; fileRef = B138A77C264F0AFC000F28CE /* Main.storyboard */; };
		B138A780264F0AFF000F28CE /* Assets.xcassets in Resources */ = {isa = PBXBuildFile; fileRef = B138A77F264F0AFF000F28CE /* Assets.xcassets */; };
		B138A783264F0AFF000F28CE /* LaunchScreen.storyboard in Resources */ = {isa = PBXBuildFile; fileRef = B138A781264F0AFF000F28CE /* LaunchScreen.storyboard */; };
		B138A78E264F0AFF000F28CE /* MovieListTests.swift in Sources */ = {isa = PBXBuildFile; fileRef = B138A78D264F0AFF000F28CE /* MovieListTests.swift */; };
		B138A799264F0AFF000F28CE /* MovieListUITests.swift in Sources */ = {isa = PBXBuildFile; fileRef = B138A798264F0AFF000F28CE /* MovieListUITests.swift */; };
/* End PBXBuildFile section */

/* Begin PBXContainerItemProxy section */
		B138A78A264F0AFF000F28CE /* PBXContainerItemProxy */ = {
			isa = PBXContainerItemProxy;
			containerPortal = B138A76B264F0AFC000F28CE /* Project object */;
			proxyType = 1;
			remoteGlobalIDString = B138A772264F0AFC000F28CE;
			remoteInfo = MovieList;
		};
		B138A795264F0AFF000F28CE /* PBXContainerItemProxy */ = {
			isa = PBXContainerItemProxy;
			containerPortal = B138A76B264F0AFC000F28CE /* Project object */;
			proxyType = 1;
			remoteGlobalIDString = B138A772264F0AFC000F28CE;
			remoteInfo = MovieList;
		};
/* End PBXContainerItemProxy section */

/* Begin PBXFileReference section */
		B138A773264F0AFC000F28CE /* MovieList.app */ = {isa = PBXFileReference; explicitFileType = wrapper.application; includeInIndex = 0; path = MovieList.app; sourceTree = BUILT_PRODUCTS_DIR; };
		B138A776264F0AFC000F28CE /* AppDelegate.swift */ = {isa = PBXFileReference; lastKnownFileType = sourcecode.swift; path = AppDelegate.swift; sourceTree = "<group>"; };
		B138A778264F0AFC000F28CE /* SceneDelegate.swift */ = {isa = PBXFileReference; lastKnownFileType = sourcecode.swift; path = SceneDelegate.swift; sourceTree = "<group>"; };
		B138A77A264F0AFC000F28CE /* ViewController.swift */ = {isa = PBXFileReference; lastKnownFileType = sourcecode.swift; path = ViewController.swift; sourceTree = "<group>"; };
		B138A77D264F0AFC000F28CE /* Base */ = {isa = PBXFileReference; lastKnownFileType = file.storyboard; name = Base; path = Base.lproj/Main.storyboard; sourceTree = "<group>"; };
		B138A77F264F0AFF000F28CE /* Assets.xcassets */ = {isa = PBXFileReference; lastKnownFileType = folder.assetcatalog; path = Assets.xcassets; sourceTree = "<group>"; };
		B138A782264F0AFF000F28CE /* Base */ = {isa = PBXFileReference; lastKnownFileType = file.storyboard; name = Base; path = Base.lproj/LaunchScreen.storyboard; sourceTree = "<group>"; };
		B138A784264F0AFF000F28CE /* Info.plist */ = {isa = PBXFileReference; lastKnownFileType = text.plist.xml; path = Info.plist; sourceTree = "<group>"; };
		B138A789264F0AFF000F28CE /* MovieListTests.xctest */ = {isa = PBXFileReference; explicitFileType = wrapper.cfbundle; includeInIndex = 0; path = MovieListTests.xctest; sourceTree = BUILT_PRODUCTS_DIR; };
		B138A78D264F0AFF000F28CE /* MovieListTests.swift */ = {isa = PBXFileReference; lastKnownFileType = sourcecode.swift; path = MovieListTests.swift; sourceTree = "<group>"; };
		B138A78F264F0AFF000F28CE /* Info.plist */ = {isa = PBXFileReference; lastKnownFileType = text.plist.xml; path = Info.plist; sourceTree = "<group>"; };
		B138A794264F0AFF000F28CE /* MovieListUITests.xctest */ = {isa = PBXFileReference; explicitFileType = wrapper.cfbundle; includeInIndex = 0; path = MovieListUITests.xctest; sourceTree = BUILT_PRODUCTS_DIR; };
		B138A798264F0AFF000F28CE /* MovieListUITests.swift */ = {isa = PBXFileReference; lastKnownFileType = sourcecode.swift; path = MovieListUITests.swift; sourceTree = "<group>"; };
		B138A79A264F0AFF000F28CE /* Info.plist */ = {isa = PBXFileReference; lastKnownFileType = text.plist.xml; path = Info.plist; sourceTree = "<group>"; };
/* End PBXFileReference section */

/* Begin PBXFrameworksBuildPhase section */
		B138A770264F0AFC000F28CE /* Frameworks */ = {
			isa = PBXFrameworksBuildPhase;
			buildActionMask = 2147483647;
			files = (
			);
			runOnlyForDeploymentPostprocessing = 0;
		};
		B138A786264F0AFF000F28CE /* Frameworks */ = {
			isa = PBXFrameworksBuildPhase;
			buildActionMask = 2147483647;
			files = (
			);
			runOnlyForDeploymentPostprocessing = 0;
		};
		B138A791264F0AFF000F28CE /* Frameworks */ = {
			isa = PBXFrameworksBuildPhase;
			buildActionMask = 2147483647;
			files = (
			);
			runOnlyForDeploymentPostprocessing = 0;
		};
/* End PBXFrameworksBuildPhase section */

/* Begin PBXGroup section */
		B138A76A264F0AFC000F28CE = {
			isa = PBXGroup;
			children = (
				B138A775264F0AFC000F28CE /* MovieList */,
				B138A78C264F0AFF000F28CE /* MovieListTests */,
				B138A797264F0AFF000F28CE /* MovieListUITests */,
				B138A774264F0AFC000F28CE /* Products */,
			);
			sourceTree = "<group>";
		};
		B138A774264F0AFC000F28CE /* Products */ = {
			isa = PBXGroup;
			children = (
				B138A773264F0AFC000F28CE /* MovieList.app */,
				B138A789264F0AFF000F28CE /* MovieListTests.xctest */,
				B138A794264F0AFF000F28CE /* MovieListUITests.xctest */,
			);
			name = Products;
			sourceTree = "<group>";
		};
		B138A775264F0AFC000F28CE /* MovieList */ = {
			isa = PBXGroup;
			children = (
				B138A776264F0AFC000F28CE /* AppDelegate.swift */,
				B138A778264F0AFC000F28CE /* SceneDelegate.swift */,
				B138A77A264F0AFC000F28CE /* ViewController.swift */,
				B138A77C264F0AFC000F28CE /* Main.storyboard */,
				B138A77F264F0AFF000F28CE /* Assets.xcassets */,
				B138A781264F0AFF000F28CE /* LaunchScreen.storyboard */,
				B138A784264F0AFF000F28CE /* Info.plist */,
			);
			path = MovieList;
			sourceTree = "<group>";
		};
		B138A78C264F0AFF000F28CE /* MovieListTests */ = {
			isa = PBXGroup;
			children = (
				B138A78D264F0AFF000F28CE /* MovieListTests.swift */,
				B138A78F264F0AFF000F28CE /* Info.plist */,
			);
			path = MovieListTests;
			sourceTree = "<group>";
		};
		B138A797264F0AFF000F28CE /* MovieListUITests */ = {
			isa = PBXGroup;
			children = (
				B138A798264F0AFF000F28CE /* MovieListUITests.swift */,
				B138A79A264F0AFF000F28CE /* Info.plist */,
			);
			path = MovieListUITests;
			sourceTree = "<group>";
		};
/* End PBXGroup section */

/* Begin PBXNativeTarget section */
		B138A772264F0AFC000F28CE /* MovieList */ = {
			isa = PBXNativeTarget;
			buildConfigurationList = B138A79D264F0AFF000F28CE /* Build configuration list for PBXNativeTarget "MovieList" */;
			buildPhases = (
				B138A76F264F0AFC000F28CE /* Sources */,
				B138A770264F0AFC000F28CE /* Frameworks */,
				B138A771264F0AFC000F28CE /* Resources */,
			);
			buildRules = (
			);
			dependencies = (
			);
			name = MovieList;
			productName = MovieList;
			productReference = B138A773264F0AFC000F28CE /* MovieList.app */;
			productType = "com.apple.product-type.application";
		};
		B138A788264F0AFF000F28CE /* MovieListTests */ = {
			isa = PBXNativeTarget;
			buildConfigurationList = B138A7A0264F0AFF000F28CE /* Build configuration list for PBXNativeTarget "MovieListTests" */;
			buildPhases = (
				B138A785264F0AFF000F28CE /* Sources */,
				B138A786264F0AFF000F28CE /* Frameworks */,
				B138A787264F0AFF000F28CE /* Resources */,
			);
			buildRules = (
			);
			dependencies = (
				B138A78B264F0AFF000F28CE /* PBXTargetDependency */,
			);
			name = MovieListTests;
			productName = MovieListTests;
			productReference = B138A789264F0AFF000F28CE /* MovieListTests.xctest */;
			productType = "com.apple.product-type.bundle.unit-test";
		};
		B138A793264F0AFF000F28CE /* MovieListUITests */ = {
			isa = PBXNativeTarget;
			buildConfigurationList = B138A7A3264F0AFF000F28CE /* Build configuration list for PBXNativeTarget "MovieListUITests" */;
			buildPhases = (
				B138A790264F0AFF000F28CE /* Sources */,
				B138A791264F0AFF000F28CE /* Frameworks */,
				B138A792264F0AFF000F28CE /* Resources */,
			);
			buildRules = (
			);
			dependencies = (
				B138A796264F0AFF000F28CE /* PBXTargetDependency */,
			);
			name = MovieListUITests;
			productName = MovieListUITests;
			productReference = B138A794264F0AFF000F28CE /* MovieListUITests.xctest */;
			productType = "com.apple.product-type.bundle.ui-testing";
		};
/* End PBXNativeTarget section */

/* Begin PBXProject section */
		B138A76B264F0AFC000F28CE /* Project object */ = {
			isa = PBXProject;
			attributes = {
				LastSwiftUpdateCheck = 1200;
				LastUpgradeCheck = 1200;
				TargetAttributes = {
					B138A772264F0AFC000F28CE = {
						CreatedOnToolsVersion = 12.0.1;
					};
					B138A788264F0AFF000F28CE = {
						CreatedOnToolsVersion = 12.0.1;
						TestTargetID = B138A772264F0AFC000F28CE;
					};
					B138A793264F0AFF000F28CE = {
						CreatedOnToolsVersion = 12.0.1;
						TestTargetID = B138A772264F0AFC000F28CE;
					};
				};
			};
			buildConfigurationList = B138A76E264F0AFC000F28CE /* Build configuration list for PBXProject "MovieList" */;
			compatibilityVersion = "Xcode 9.3";
			developmentRegion = en;
			hasScannedForEncodings = 0;
			knownRegions = (
				en,
				Base,
			);
			mainGroup = B138A76A264F0AFC000F28CE;
			productRefGroup = B138A774264F0AFC000F28CE /* Products */;
			projectDirPath = "";
			projectRoot = "";
			targets = (
				B138A772264F0AFC000F28CE /* MovieList */,
				B138A788264F0AFF000F28CE /* MovieListTests */,
				B138A793264F0AFF000F28CE /* MovieListUITests */,
			);
		};
/* End PBXProject section */

/* Begin PBXResourcesBuildPhase section */
		B138A771264F0AFC000F28CE /* Resources */ = {
			isa = PBXResourcesBuildPhase;
			buildActionMask = 2147483647;
			files = (
				B138A783264F0AFF000F28CE /* LaunchScreen.storyboard in Resources */,
				B138A780264F0AFF000F28CE /* Assets.xcassets in Resources */,
				B138A77E264F0AFD000F28CE /* Main.storyboard in Resources */,
			);
			runOnlyForDeploymentPostprocessing = 0;
		};
		B138A787264F0AFF000F28CE /* Resources */ = {
			isa = PBXResourcesBuildPhase;
			buildActionMask = 2147483647;
			files = (
			);
			runOnlyForDeploymentPostprocessing = 0;
		};
		B138A792264F0AFF000F28CE /* Resources */ = {
			isa = PBXResourcesBuildPhase;
			buildActionMask = 2147483647;
			files = (
			);
			runOnlyForDeploymentPostprocessing = 0;
		};
/* End PBXResourcesBuildPhase section */

/* Begin PBXSourcesBuildPhase section */
		B138A76F264F0AFC000F28CE /* Sources */ = {
			isa = PBXSourcesBuildPhase;
			buildActionMask = 2147483647;
			files = (
				B138A77B264F0AFC000F28CE /* ViewController.swift in Sources */,
				B138A777264F0AFC000F28CE /* AppDelegate.swift in Sources */,
				B138A779264F0AFC000F28CE /* SceneDelegate.swift in Sources */,
			);
			runOnlyForDeploymentPostprocessing = 0;
		};
		B138A785264F0AFF000F28CE /* Sources */ = {
			isa = PBXSourcesBuildPhase;
			buildActionMask = 2147483647;
			files = (
				B138A78E264F0AFF000F28CE /* MovieListTests.swift in Sources */,
			);
			runOnlyForDeploymentPostprocessing = 0;
		};
		B138A790264F0AFF000F28CE /* Sources */ = {
			isa = PBXSourcesBuildPhase;
			buildActionMask = 2147483647;
			files = (
				B138A799264F0AFF000F28CE /* MovieListUITests.swift in Sources */,
			);
			runOnlyForDeploymentPostprocessing = 0;
		};
/* End PBXSourcesBuildPhase section */

/* Begin PBXTargetDependency section */
		B138A78B264F0AFF000F28CE /* PBXTargetDependency */ = {
			isa = PBXTargetDependency;
			target = B138A772264F0AFC000F28CE /* MovieList */;
			targetProxy = B138A78A264F0AFF000F28CE /* PBXContainerItemProxy */;
		};
		B138A796264F0AFF000F28CE /* PBXTargetDependency */ = {
			isa = PBXTargetDependency;
			target = B138A772264F0AFC000F28CE /* MovieList */;
			targetProxy = B138A795264F0AFF000F28CE /* PBXContainerItemProxy */;
		};
/* End PBXTargetDependency section */

/* Begin PBXVariantGroup section */
		B138A77C264F0AFC000F28CE /* Main.storyboard */ = {
			isa = PBXVariantGroup;
			children = (
				B138A77D264F0AFC000F28CE /* Base */,
			);
			name = Main.storyboard;
			sourceTree = "<group>";
		};
		B138A781264F0AFF000F28CE /* LaunchScreen.storyboard */ = {
			isa = PBXVariantGroup;
			children = (
				B138A782264F0AFF000F28CE /* Base */,
			);
			name = LaunchScreen.storyboard;
			sourceTree = "<group>";
		};
/* End PBXVariantGroup section */

/* Begin XCBuildConfiguration section */
		B138A79B264F0AFF000F28CE /* Debug */ = {
			isa = XCBuildConfiguration;
			buildSettings = {
				ALWAYS_SEARCH_USER_PATHS = NO;
				CLANG_ANALYZER_NONNULL = YES;
				CLANG_ANALYZER_NUMBER_OBJECT_CONVERSION = YES_AGGRESSIVE;
				CLANG_CXX_LANGUAGE_STANDARD = "gnu++14";
				CLANG_CXX_LIBRARY = "libc++";
				CLANG_ENABLE_MODULES = YES;
				CLANG_ENABLE_OBJC_ARC = YES;
				CLANG_ENABLE_OBJC_WEAK = YES;
				CLANG_WARN_BLOCK_CAPTURE_AUTORELEASING = YES;
				CLANG_WARN_BOOL_CONVERSION = YES;
				CLANG_WARN_COMMA = YES;
				CLANG_WARN_CONSTANT_CONVERSION = YES;
				CLANG_WARN_DEPRECATED_OBJC_IMPLEMENTATIONS = YES;
				CLANG_WARN_DIRECT_OBJC_ISA_USAGE = YES_ERROR;
				CLANG_WARN_DOCUMENTATION_COMMENTS = YES;
				CLANG_WARN_EMPTY_BODY = YES;
				CLANG_WARN_ENUM_CONVERSION = YES;
				CLANG_WARN_INFINITE_RECURSION = YES;
				CLANG_WARN_INT_CONVERSION = YES;
				CLANG_WARN_NON_LITERAL_NULL_CONVERSION = YES;
				CLANG_WARN_OBJC_IMPLICIT_RETAIN_SELF = YES;
				CLANG_WARN_OBJC_LITERAL_CONVERSION = YES;
				CLANG_WARN_OBJC_ROOT_CLASS = YES_ERROR;
				CLANG_WARN_QUOTED_INCLUDE_IN_FRAMEWORK_HEADER = YES;
				CLANG_WARN_RANGE_LOOP_ANALYSIS = YES;
				CLANG_WARN_STRICT_PROTOTYPES = YES;
				CLANG_WARN_SUSPICIOUS_MOVE = YES;
				CLANG_WARN_UNGUARDED_AVAILABILITY = YES_AGGRESSIVE;
				CLANG_WARN_UNREACHABLE_CODE = YES;
				CLANG_WARN__DUPLICATE_METHOD_MATCH = YES;
				COPY_PHASE_STRIP = NO;
				DEBUG_INFORMATION_FORMAT = dwarf;
				ENABLE_STRICT_OBJC_MSGSEND = YES;
				ENABLE_TESTABILITY = YES;
				GCC_C_LANGUAGE_STANDARD = gnu11;
				GCC_DYNAMIC_NO_PIC = NO;
				GCC_NO_COMMON_BLOCKS = YES;
				GCC_OPTIMIZATION_LEVEL = 0;
				GCC_PREPROCESSOR_DEFINITIONS = (
					"DEBUG=1",
					"$(inherited)",
				);
				GCC_WARN_64_TO_32_BIT_CONVERSION = YES;
				GCC_WARN_ABOUT_RETURN_TYPE = YES_ERROR;
				GCC_WARN_UNDECLARED_SELECTOR = YES;
				GCC_WARN_UNINITIALIZED_AUTOS = YES_AGGRESSIVE;
				GCC_WARN_UNUSED_FUNCTION = YES;
				GCC_WARN_UNUSED_VARIABLE = YES;
				IPHONEOS_DEPLOYMENT_TARGET = 14.0;
				MTL_ENABLE_DEBUG_INFO = INCLUDE_SOURCE;
				MTL_FAST_MATH = YES;
				ONLY_ACTIVE_ARCH = YES;
				SDKROOT = iphoneos;
				SWIFT_ACTIVE_COMPILATION_CONDITIONS = DEBUG;
				SWIFT_OPTIMIZATION_LEVEL = "-Onone";
			};
			name = Debug;
		};
		B138A79C264F0AFF000F28CE /* Release */ = {
			isa = XCBuildConfiguration;
			buildSettings = {
				ALWAYS_SEARCH_USER_PATHS = NO;
				CLANG_ANALYZER_NONNULL = YES;
				CLANG_ANALYZER_NUMBER_OBJECT_CONVERSION = YES_AGGRESSIVE;
				CLANG_CXX_LANGUAGE_STANDARD = "gnu++14";
				CLANG_CXX_LIBRARY = "libc++";
				CLANG_ENABLE_MODULES = YES;
				CLANG_ENABLE_OBJC_ARC = YES;
				CLANG_ENABLE_OBJC_WEAK = YES;
				CLANG_WARN_BLOCK_CAPTURE_AUTORELEASING = YES;
				CLANG_WARN_BOOL_CONVERSION = YES;
				CLANG_WARN_COMMA = YES;
				CLANG_WARN_CONSTANT_CONVERSION = YES;
				CLANG_WARN_DEPRECATED_OBJC_IMPLEMENTATIONS = YES;
				CLANG_WARN_DIRECT_OBJC_ISA_USAGE = YES_ERROR;
				CLANG_WARN_DOCUMENTATION_COMMENTS = YES;
				CLANG_WARN_EMPTY_BODY = YES;
				CLANG_WARN_ENUM_CONVERSION = YES;
				CLANG_WARN_INFINITE_RECURSION = YES;
				CLANG_WARN_INT_CONVERSION = YES;
				CLANG_WARN_NON_LITERAL_NULL_CONVERSION = YES;
				CLANG_WARN_OBJC_IMPLICIT_RETAIN_SELF = YES;
				CLANG_WARN_OBJC_LITERAL_CONVERSION = YES;
				CLANG_WARN_OBJC_ROOT_CLASS = YES_ERROR;
				CLANG_WARN_QUOTED_INCLUDE_IN_FRAMEWORK_HEADER = YES;
				CLANG_WARN_RANGE_LOOP_ANALYSIS = YES;
				CLANG_WARN_STRICT_PROTOTYPES = YES;
				CLANG_WARN_SUSPICIOUS_MOVE = YES;
				CLANG_WARN_UNGUARDED_AVAILABILITY = YES_AGGRESSIVE;
				CLANG_WARN_UNREACHABLE_CODE = YES;
				CLANG_WARN__DUPLICATE_METHOD_MATCH = YES;
				COPY_PHASE_STRIP = NO;
				DEBUG_INFORMATION_FORMAT = "dwarf-with-dsym";
				ENABLE_NS_ASSERTIONS = NO;
				ENABLE_STRICT_OBJC_MSGSEND = YES;
				GCC_C_LANGUAGE_STANDARD = gnu11;
				GCC_NO_COMMON_BLOCKS = YES;
				GCC_WARN_64_TO_32_BIT_CONVERSION = YES;
				GCC_WARN_ABOUT_RETURN_TYPE = YES_ERROR;
				GCC_WARN_UNDECLARED_SELECTOR = YES;
				GCC_WARN_UNINITIALIZED_AUTOS = YES_AGGRESSIVE;
				GCC_WARN_UNUSED_FUNCTION = YES;
				GCC_WARN_UNUSED_VARIABLE = YES;
				IPHONEOS_DEPLOYMENT_TARGET = 14.0;
				MTL_ENABLE_DEBUG_INFO = NO;
				MTL_FAST_MATH = YES;
				SDKROOT = iphoneos;
				SWIFT_COMPILATION_MODE = wholemodule;
				SWIFT_OPTIMIZATION_LEVEL = "-O";
				VALIDATE_PRODUCT = YES;
			};
			name = Release;
		};
		B138A79E264F0AFF000F28CE /* Debug */ = {
			isa = XCBuildConfiguration;
			buildSettings = {
				ASSETCATALOG_COMPILER_APPICON_NAME = AppIcon;
				ASSETCATALOG_COMPILER_GLOBAL_ACCENT_COLOR_NAME = AccentColor;
				CODE_SIGN_STYLE = Automatic;
				DEVELOPMENT_TEAM = 33974MC9LS;
				INFOPLIST_FILE = MovieList/Info.plist;
				LD_RUNPATH_SEARCH_PATHS = (
					"$(inherited)",
					"@executable_path/Frameworks",
				);
				PRODUCT_BUNDLE_IDENTIFIER = rebelato.MovieList;
				PRODUCT_NAME = "$(TARGET_NAME)";
				SWIFT_VERSION = 5.0;
				TARGETED_DEVICE_FAMILY = "1,2";
			};
			name = Debug;
		};
		B138A79F264F0AFF000F28CE /* Release */ = {
			isa = XCBuildConfiguration;
			buildSettings = {
				ASSETCATALOG_COMPILER_APPICON_NAME = AppIcon;
				ASSETCATALOG_COMPILER_GLOBAL_ACCENT_COLOR_NAME = AccentColor;
				CODE_SIGN_STYLE = Automatic;
				DEVELOPMENT_TEAM = 33974MC9LS;
				INFOPLIST_FILE = MovieList/Info.plist;
				LD_RUNPATH_SEARCH_PATHS = (
					"$(inherited)",
					"@executable_path/Frameworks",
				);
				PRODUCT_BUNDLE_IDENTIFIER = rebelato.MovieList;
				PRODUCT_NAME = "$(TARGET_NAME)";
				SWIFT_VERSION = 5.0;
				TARGETED_DEVICE_FAMILY = "1,2";
			};
			name = Release;
		};
		B138A7A1264F0AFF000F28CE /* Debug */ = {
			isa = XCBuildConfiguration;
			buildSettings = {
				ALWAYS_EMBED_SWIFT_STANDARD_LIBRARIES = YES;
				BUNDLE_LOADER = "$(TEST_HOST)";
				CODE_SIGN_STYLE = Automatic;
				DEVELOPMENT_TEAM = 33974MC9LS;
				INFOPLIST_FILE = MovieListTests/Info.plist;
				IPHONEOS_DEPLOYMENT_TARGET = 14.0;
				LD_RUNPATH_SEARCH_PATHS = (
					"$(inherited)",
					"@executable_path/Frameworks",
					"@loader_path/Frameworks",
				);
				PRODUCT_BUNDLE_IDENTIFIER = rebelato.MovieListTests;
				PRODUCT_NAME = "$(TARGET_NAME)";
				SWIFT_VERSION = 5.0;
				TARGETED_DEVICE_FAMILY = "1,2";
				TEST_HOST = "$(BUILT_PRODUCTS_DIR)/MovieList.app/MovieList";
			};
			name = Debug;
		};
		B138A7A2264F0AFF000F28CE /* Release */ = {
			isa = XCBuildConfiguration;
			buildSettings = {
				ALWAYS_EMBED_SWIFT_STANDARD_LIBRARIES = YES;
				BUNDLE_LOADER = "$(TEST_HOST)";
				CODE_SIGN_STYLE = Automatic;
				DEVELOPMENT_TEAM = 33974MC9LS;
				INFOPLIST_FILE = MovieListTests/Info.plist;
				IPHONEOS_DEPLOYMENT_TARGET = 14.0;
				LD_RUNPATH_SEARCH_PATHS = (
					"$(inherited)",
					"@executable_path/Frameworks",
					"@loader_path/Frameworks",
				);
				PRODUCT_BUNDLE_IDENTIFIER = rebelato.MovieListTests;
				PRODUCT_NAME = "$(TARGET_NAME)";
				SWIFT_VERSION = 5.0;
				TARGETED_DEVICE_FAMILY = "1,2";
				TEST_HOST = "$(BUILT_PRODUCTS_DIR)/MovieList.app/MovieList";
			};
			name = Release;
		};
		B138A7A4264F0AFF000F28CE /* Debug */ = {
			isa = XCBuildConfiguration;
			buildSettings = {
				ALWAYS_EMBED_SWIFT_STANDARD_LIBRARIES = YES;
				CODE_SIGN_STYLE = Automatic;
				DEVELOPMENT_TEAM = 33974MC9LS;
				INFOPLIST_FILE = MovieListUITests/Info.plist;
				LD_RUNPATH_SEARCH_PATHS = (
					"$(inherited)",
					"@executable_path/Frameworks",
					"@loader_path/Frameworks",
				);
				PRODUCT_BUNDLE_IDENTIFIER = rebelato.MovieListUITests;
				PRODUCT_NAME = "$(TARGET_NAME)";
				SWIFT_VERSION = 5.0;
				TARGETED_DEVICE_FAMILY = "1,2";
				TEST_TARGET_NAME = MovieList;
			};
			name = Debug;
		};
		B138A7A5264F0AFF000F28CE /* Release */ = {
			isa = XCBuildConfiguration;
			buildSettings = {
				ALWAYS_EMBED_SWIFT_STANDARD_LIBRARIES = YES;
				CODE_SIGN_STYLE = Automatic;
				DEVELOPMENT_TEAM = 33974MC9LS;
				INFOPLIST_FILE = MovieListUITests/Info.plist;
				LD_RUNPATH_SEARCH_PATHS = (
					"$(inherited)",
					"@executable_path/Frameworks",
					"@loader_path/Frameworks",
				);
				PRODUCT_BUNDLE_IDENTIFIER = rebelato.MovieListUITests;
				PRODUCT_NAME = "$(TARGET_NAME)";
				SWIFT_VERSION = 5.0;
				TARGETED_DEVICE_FAMILY = "1,2";
				TEST_TARGET_NAME = MovieList;
			};
			name = Release;
		};
/* End XCBuildConfiguration section */

/* Begin XCConfigurationList section */
		B138A76E264F0AFC000F28CE /* Build configuration list for PBXProject "MovieList" */ = {
			isa = XCConfigurationList;
			buildConfigurations = (
				B138A79B264F0AFF000F28CE /* Debug */,
				B138A79C264F0AFF000F28CE /* Release */,
			);
			defaultConfigurationIsVisible = 0;
			defaultConfigurationName = Release;
		};
		B138A79D264F0AFF000F28CE /* Build configuration list for PBXNativeTarget "MovieList" */ = {
			isa = XCConfigurationList;
			buildConfigurations = (
				B138A79E264F0AFF000F28CE /* Debug */,
				B138A79F264F0AFF000F28CE /* Release */,
			);
			defaultConfigurationIsVisible = 0;
			defaultConfigurationName = Release;
		};
		B138A7A0264F0AFF000F28CE /* Build configuration list for PBXNativeTarget "MovieListTests" */ = {
			isa = XCConfigurationList;
			buildConfigurations = (
				B138A7A1264F0AFF000F28CE /* Debug */,
				B138A7A2264F0AFF000F28CE /* Release */,
			);
			defaultConfigurationIsVisible = 0;
			defaultConfigurationName = Release;
		};
		B138A7A3264F0AFF000F28CE /* Build configuration list for PBXNativeTarget "MovieListUITests" */ = {
			isa = XCConfigurationList;
			buildConfigurations = (
				B138A7A4264F0AFF000F28CE /* Debug */,
				B138A7A5264F0AFF000F28CE /* Release */,
			);
			defaultConfigurationIsVisible = 0;
			defaultConfigurationName = Release;
		};
/* End XCConfigurationList section */
	};
	rootObject = B138A76B264F0AFC000F28CE /* Project object */;
}
