// !$*UTF8*$!
{
	archiveVersion = 1;
	classes = {
	};
	objectVersion = 52;
	objects = {

/* Begin PBXBuildFile section */
		B138A777264F0AFC000F28CE /* AppDelegate.swift in Sources */ = {isa = PBXBuildFile; fileRef = B138A776264F0AFC000F28CE /* AppDelegate.swift */; };
		B138A779264F0AFC000F28CE /* SceneDelegate.swift in Sources */ = {isa = PBXBuildFile; fileRef = B138A778264F0AFC000F28CE /* SceneDelegate.swift */; };
		B138A77B264F0AFC000F28CE /* MVVM_ViewController.swift in Sources */ = {isa = PBXBuildFile; fileRef = B138A77A264F0AFC000F28CE /* MVVM_ViewController.swift */; };
		B138A780264F0AFF000F28CE /* Assets.xcassets in Resources */ = {isa = PBXBuildFile; fileRef = B138A77F264F0AFF000F28CE /* Assets.xcassets */; };
		B138A783264F0AFF000F28CE /* LaunchScreen.storyboard in Resources */ = {isa = PBXBuildFile; fileRef = B138A781264F0AFF000F28CE /* LaunchScreen.storyboard */; };
		B138A78E264F0AFF000F28CE /* MovieListTests.swift in Sources */ = {isa = PBXBuildFile; fileRef = B138A78D264F0AFF000F28CE /* MovieListTests.swift */; };
		B138A799264F0AFF000F28CE /* MovieListUITests.swift in Sources */ = {isa = PBXBuildFile; fileRef = B138A798264F0AFF000F28CE /* MovieListUITests.swift */; };
		B138A7AE264F0CA1000F28CE /* NetworkFramework in Frameworks */ = {isa = PBXBuildFile; productRef = B138A7AD264F0CA1000F28CE /* NetworkFramework */; };
		B138A7B4264F0CCD000F28CE /* Coordinator in Frameworks */ = {isa = PBXBuildFile; productRef = B138A7B3264F0CCD000F28CE /* Coordinator */; };
		B138A7C2264F0D37000F28CE /* Service.swift in Sources */ = {isa = PBXBuildFile; fileRef = B138A7C1264F0D37000F28CE /* Service.swift */; };
		B138A7CB264F101A000F28CE /* Movie.swift in Sources */ = {isa = PBXBuildFile; fileRef = B138A7CA264F101A000F28CE /* Movie.swift */; };
		B138A7D6264F13BE000F28CE /* ViewCodable.swift in Sources */ = {isa = PBXBuildFile; fileRef = B138A7D5264F13BE000F28CE /* ViewCodable.swift */; };
		B138A7DE264F13F0000F28CE /* UIView+AddViews.swift in Sources */ = {isa = PBXBuildFile; fileRef = B138A7DD264F13F0000F28CE /* UIView+AddViews.swift */; };
		B138A7E3264F1411000F28CE /* MVVM_View.swift in Sources */ = {isa = PBXBuildFile; fileRef = B138A7E2264F1411000F28CE /* MVVM_View.swift */; };
		B138A7E8264F1540000F28CE /* MVVM_ViewModel.swift in Sources */ = {isa = PBXBuildFile; fileRef = B138A7E7264F1540000F28CE /* MVVM_ViewModel.swift */; };
		B138A7EE264F1855000F28CE /* MVVMCoordinator.swift in Sources */ = {isa = PBXBuildFile; fileRef = B138A7ED264F1855000F28CE /* MVVMCoordinator.swift */; };
		B138A7F6264F1895000F28CE /* TabViewController.swift in Sources */ = {isa = PBXBuildFile; fileRef = B138A7F5264F1895000F28CE /* TabViewController.swift */; };
		B138A802264F19A6000F28CE /* MVVMEvent.swift in Sources */ = {isa = PBXBuildFile; fileRef = B138A801264F19A6000F28CE /* MVVMEvent.swift */; };
		B138A80E264F1FF8000F28CE /* MVC_ViewController.swift in Sources */ = {isa = PBXBuildFile; fileRef = B138A80D264F1FF8000F28CE /* MVC_ViewController.swift */; };
		B138A813264F2004000F28CE /* MVC_View.swift in Sources */ = {isa = PBXBuildFile; fileRef = B138A812264F2004000F28CE /* MVC_View.swift */; };
		B138A819264F214E000F28CE /* MVCCoordinator.swift in Sources */ = {isa = PBXBuildFile; fileRef = B138A818264F214E000F28CE /* MVCCoordinator.swift */; };
		B138A81E264F2217000F28CE /* MVVM_DetailViewController.swift in Sources */ = {isa = PBXBuildFile; fileRef = B138A81D264F2217000F28CE /* MVVM_DetailViewController.swift */; };
		B138A823264F2266000F28CE /* MVVM_DetailView.swift in Sources */ = {isa = PBXBuildFile; fileRef = B138A822264F2266000F28CE /* MVVM_DetailView.swift */; };
		B138A828264F22BD000F28CE /* MVVM_DetailViewModel.swift in Sources */ = {isa = PBXBuildFile; fileRef = B138A827264F22BD000F28CE /* MVVM_DetailViewModel.swift */; };
		B138A835264F28EC000F28CE /* MVC_DetailViewController.swift in Sources */ = {isa = PBXBuildFile; fileRef = B138A834264F28EC000F28CE /* MVC_DetailViewController.swift */; };
		B138A84A264F2C18000F28CE /* ListView.swift in Sources */ = {isa = PBXBuildFile; fileRef = B138A849264F2C18000F28CE /* ListView.swift */; };
		B138A857264F2E53000F28CE /* MVP_ViewController.swift in Sources */ = {isa = PBXBuildFile; fileRef = B138A856264F2E53000F28CE /* MVP_ViewController.swift */; };
		B138A85C264F2E5F000F28CE /* MVP_Presenter.swift in Sources */ = {isa = PBXBuildFile; fileRef = B138A85B264F2E5F000F28CE /* MVP_Presenter.swift */; };
		B138A862264F3089000F28CE /* MVPCoordinator.swift in Sources */ = {isa = PBXBuildFile; fileRef = B138A861264F3089000F28CE /* MVPCoordinator.swift */; };
		B1E399C5265307270019C42D /* Viper_ViewController.swift in Sources */ = {isa = PBXBuildFile; fileRef = B1E399C4265307270019C42D /* Viper_ViewController.swift */; };
		B1E399CA2653073E0019C42D /* ViperProtocols.swift in Sources */ = {isa = PBXBuildFile; fileRef = B1E399C92653073E0019C42D /* ViperProtocols.swift */; };
		B1E399CF2653074D0019C42D /* Viper_Presenter.swift in Sources */ = {isa = PBXBuildFile; fileRef = B1E399CE2653074D0019C42D /* Viper_Presenter.swift */; };
		B1E399D4265307570019C42D /* Viper_Interactor.swift in Sources */ = {isa = PBXBuildFile; fileRef = B1E399D3265307570019C42D /* Viper_Interactor.swift */; };
		B1E399D9265307620019C42D /* Viper_Router.swift in Sources */ = {isa = PBXBuildFile; fileRef = B1E399D8265307620019C42D /* Viper_Router.swift */; };
		B1E399DF26530A330019C42D /* Viper_DetailRouter.swift in Sources */ = {isa = PBXBuildFile; fileRef = B1E399DE26530A330019C42D /* Viper_DetailRouter.swift */; };
		B1E399E726530A5E0019C42D /* Viper_DetailProtocols.swift in Sources */ = {isa = PBXBuildFile; fileRef = B1E399E626530A5E0019C42D /* Viper_DetailProtocols.swift */; };
		B1E399EC26530B910019C42D /* Viper_DetailViewController.swift in Sources */ = {isa = PBXBuildFile; fileRef = B1E399EB26530B910019C42D /* Viper_DetailViewController.swift */; };
		B1E399F126530B9D0019C42D /* Viper_DetailPresenter.swift in Sources */ = {isa = PBXBuildFile; fileRef = B1E399F026530B9D0019C42D /* Viper_DetailPresenter.swift */; };
		B1E399F726530DC60019C42D /* ViperCoordinator.swift in Sources */ = {isa = PBXBuildFile; fileRef = B1E399F626530DC60019C42D /* ViperCoordinator.swift */; };
/* End PBXBuildFile section */

/* Begin PBXContainerItemProxy section */
		B138A78A264F0AFF000F28CE /* PBXContainerItemProxy */ = {
			isa = PBXContainerItemProxy;
			containerPortal = B138A76B264F0AFC000F28CE /* Project object */;
			proxyType = 1;
			remoteGlobalIDString = B138A772264F0AFC000F28CE;
			remoteInfo = MovieList;
		};
		B138A795264F0AFF000F28CE /* PBXContainerItemProxy */ = {
			isa = PBXContainerItemProxy;
			containerPortal = B138A76B264F0AFC000F28CE /* Project object */;
			proxyType = 1;
			remoteGlobalIDString = B138A772264F0AFC000F28CE;
			remoteInfo = MovieList;
		};
/* End PBXContainerItemProxy section */

/* Begin PBXFileReference section */
		B138A773264F0AFC000F28CE /* MovieList.app */ = {isa = PBXFileReference; explicitFileType = wrapper.application; includeInIndex = 0; path = MovieList.app; sourceTree = BUILT_PRODUCTS_DIR; };
		B138A776264F0AFC000F28CE /* AppDelegate.swift */ = {isa = PBXFileReference; lastKnownFileType = sourcecode.swift; path = AppDelegate.swift; sourceTree = "<group>"; };
		B138A778264F0AFC000F28CE /* SceneDelegate.swift */ = {isa = PBXFileReference; lastKnownFileType = sourcecode.swift; path = SceneDelegate.swift; sourceTree = "<group>"; };
		B138A77A264F0AFC000F28CE /* MVVM_ViewController.swift */ = {isa = PBXFileReference; lastKnownFileType = sourcecode.swift; path = MVVM_ViewController.swift; sourceTree = "<group>"; };
		B138A77F264F0AFF000F28CE /* Assets.xcassets */ = {isa = PBXFileReference; lastKnownFileType = folder.assetcatalog; path = Assets.xcassets; sourceTree = "<group>"; };
		B138A782264F0AFF000F28CE /* Base */ = {isa = PBXFileReference; lastKnownFileType = file.storyboard; name = Base; path = Base.lproj/LaunchScreen.storyboard; sourceTree = "<group>"; };
		B138A784264F0AFF000F28CE /* Info.plist */ = {isa = PBXFileReference; lastKnownFileType = text.plist.xml; path = Info.plist; sourceTree = "<group>"; };
		B138A789264F0AFF000F28CE /* MovieListTests.xctest */ = {isa = PBXFileReference; explicitFileType = wrapper.cfbundle; includeInIndex = 0; path = MovieListTests.xctest; sourceTree = BUILT_PRODUCTS_DIR; };
		B138A78D264F0AFF000F28CE /* MovieListTests.swift */ = {isa = PBXFileReference; lastKnownFileType = sourcecode.swift; path = MovieListTests.swift; sourceTree = "<group>"; };
		B138A78F264F0AFF000F28CE /* Info.plist */ = {isa = PBXFileReference; lastKnownFileType = text.plist.xml; path = Info.plist; sourceTree = "<group>"; };
		B138A794264F0AFF000F28CE /* MovieListUITests.xctest */ = {isa = PBXFileReference; explicitFileType = wrapper.cfbundle; includeInIndex = 0; path = MovieListUITests.xctest; sourceTree = BUILT_PRODUCTS_DIR; };
		B138A798264F0AFF000F28CE /* MovieListUITests.swift */ = {isa = PBXFileReference; lastKnownFileType = sourcecode.swift; path = MovieListUITests.swift; sourceTree = "<group>"; };
		B138A79A264F0AFF000F28CE /* Info.plist */ = {isa = PBXFileReference; lastKnownFileType = text.plist.xml; path = Info.plist; sourceTree = "<group>"; };
		B138A7C1264F0D37000F28CE /* Service.swift */ = {isa = PBXFileReference; lastKnownFileType = sourcecode.swift; path = Service.swift; sourceTree = "<group>"; };
		B138A7CA264F101A000F28CE /* Movie.swift */ = {isa = PBXFileReference; lastKnownFileType = sourcecode.swift; path = Movie.swift; sourceTree = "<group>"; };
		B138A7D5264F13BE000F28CE /* ViewCodable.swift */ = {isa = PBXFileReference; lastKnownFileType = sourcecode.swift; path = ViewCodable.swift; sourceTree = "<group>"; };
		B138A7DD264F13F0000F28CE /* UIView+AddViews.swift */ = {isa = PBXFileReference; lastKnownFileType = sourcecode.swift; path = "UIView+AddViews.swift"; sourceTree = "<group>"; };
		B138A7E2264F1411000F28CE /* MVVM_View.swift */ = {isa = PBXFileReference; lastKnownFileType = sourcecode.swift; path = MVVM_View.swift; sourceTree = "<group>"; };
		B138A7E7264F1540000F28CE /* MVVM_ViewModel.swift */ = {isa = PBXFileReference; lastKnownFileType = sourcecode.swift; path = MVVM_ViewModel.swift; sourceTree = "<group>"; };
		B138A7ED264F1855000F28CE /* MVVMCoordinator.swift */ = {isa = PBXFileReference; lastKnownFileType = sourcecode.swift; path = MVVMCoordinator.swift; sourceTree = "<group>"; };
		B138A7F5264F1895000F28CE /* TabViewController.swift */ = {isa = PBXFileReference; lastKnownFileType = sourcecode.swift; path = TabViewController.swift; sourceTree = "<group>"; };
		B138A801264F19A6000F28CE /* MVVMEvent.swift */ = {isa = PBXFileReference; lastKnownFileType = sourcecode.swift; path = MVVMEvent.swift; sourceTree = "<group>"; };
		B138A80D264F1FF8000F28CE /* MVC_ViewController.swift */ = {isa = PBXFileReference; lastKnownFileType = sourcecode.swift; path = MVC_ViewController.swift; sourceTree = "<group>"; };
		B138A812264F2004000F28CE /* MVC_View.swift */ = {isa = PBXFileReference; lastKnownFileType = sourcecode.swift; path = MVC_View.swift; sourceTree = "<group>"; };
		B138A818264F214E000F28CE /* MVCCoordinator.swift */ = {isa = PBXFileReference; lastKnownFileType = sourcecode.swift; path = MVCCoordinator.swift; sourceTree = "<group>"; };
		B138A81D264F2217000F28CE /* MVVM_DetailViewController.swift */ = {isa = PBXFileReference; lastKnownFileType = sourcecode.swift; path = MVVM_DetailViewController.swift; sourceTree = "<group>"; };
		B138A822264F2266000F28CE /* MVVM_DetailView.swift */ = {isa = PBXFileReference; lastKnownFileType = sourcecode.swift; path = MVVM_DetailView.swift; sourceTree = "<group>"; };
		B138A827264F22BD000F28CE /* MVVM_DetailViewModel.swift */ = {isa = PBXFileReference; lastKnownFileType = sourcecode.swift; path = MVVM_DetailViewModel.swift; sourceTree = "<group>"; };
		B138A834264F28EC000F28CE /* MVC_DetailViewController.swift */ = {isa = PBXFileReference; lastKnownFileType = sourcecode.swift; path = MVC_DetailViewController.swift; sourceTree = "<group>"; };
		B138A849264F2C18000F28CE /* ListView.swift */ = {isa = PBXFileReference; lastKnownFileType = sourcecode.swift; path = ListView.swift; sourceTree = "<group>"; };
		B138A856264F2E53000F28CE /* MVP_ViewController.swift */ = {isa = PBXFileReference; lastKnownFileType = sourcecode.swift; path = MVP_ViewController.swift; sourceTree = "<group>"; };
		B138A85B264F2E5F000F28CE /* MVP_Presenter.swift */ = {isa = PBXFileReference; lastKnownFileType = sourcecode.swift; path = MVP_Presenter.swift; sourceTree = "<group>"; };
		B138A861264F3089000F28CE /* MVPCoordinator.swift */ = {isa = PBXFileReference; lastKnownFileType = sourcecode.swift; path = MVPCoordinator.swift; sourceTree = "<group>"; };
		B1E399C4265307270019C42D /* Viper_ViewController.swift */ = {isa = PBXFileReference; lastKnownFileType = sourcecode.swift; path = Viper_ViewController.swift; sourceTree = "<group>"; };
		B1E399C92653073E0019C42D /* ViperProtocols.swift */ = {isa = PBXFileReference; lastKnownFileType = sourcecode.swift; path = ViperProtocols.swift; sourceTree = "<group>"; };
		B1E399CE2653074D0019C42D /* Viper_Presenter.swift */ = {isa = PBXFileReference; lastKnownFileType = sourcecode.swift; path = Viper_Presenter.swift; sourceTree = "<group>"; };
		B1E399D3265307570019C42D /* Viper_Interactor.swift */ = {isa = PBXFileReference; lastKnownFileType = sourcecode.swift; path = Viper_Interactor.swift; sourceTree = "<group>"; };
		B1E399D8265307620019C42D /* Viper_Router.swift */ = {isa = PBXFileReference; lastKnownFileType = sourcecode.swift; path = Viper_Router.swift; sourceTree = "<group>"; };
		B1E399DE26530A330019C42D /* Viper_DetailRouter.swift */ = {isa = PBXFileReference; lastKnownFileType = sourcecode.swift; path = Viper_DetailRouter.swift; sourceTree = "<group>"; };
		B1E399E626530A5E0019C42D /* Viper_DetailProtocols.swift */ = {isa = PBXFileReference; lastKnownFileType = sourcecode.swift; path = Viper_DetailProtocols.swift; sourceTree = "<group>"; };
		B1E399EB26530B910019C42D /* Viper_DetailViewController.swift */ = {isa = PBXFileReference; lastKnownFileType = sourcecode.swift; path = Viper_DetailViewController.swift; sourceTree = "<group>"; };
		B1E399F026530B9D0019C42D /* Viper_DetailPresenter.swift */ = {isa = PBXFileReference; lastKnownFileType = sourcecode.swift; path = Viper_DetailPresenter.swift; sourceTree = "<group>"; };
		B1E399F626530DC60019C42D /* ViperCoordinator.swift */ = {isa = PBXFileReference; lastKnownFileType = sourcecode.swift; path = ViperCoordinator.swift; sourceTree = "<group>"; };
/* End PBXFileReference section */

/* Begin PBXFrameworksBuildPhase section */
		B138A770264F0AFC000F28CE /* Frameworks */ = {
			isa = PBXFrameworksBuildPhase;
			buildActionMask = 2147483647;
			files = (
				B138A7AE264F0CA1000F28CE /* NetworkFramework in Frameworks */,
				B138A7B4264F0CCD000F28CE /* Coordinator in Frameworks */,
			);
			runOnlyForDeploymentPostprocessing = 0;
		};
		B138A786264F0AFF000F28CE /* Frameworks */ = {
			isa = PBXFrameworksBuildPhase;
			buildActionMask = 2147483647;
			files = (
			);
			runOnlyForDeploymentPostprocessing = 0;
		};
		B138A791264F0AFF000F28CE /* Frameworks */ = {
			isa = PBXFrameworksBuildPhase;
			buildActionMask = 2147483647;
			files = (
			);
			runOnlyForDeploymentPostprocessing = 0;
		};
/* End PBXFrameworksBuildPhase section */

/* Begin PBXGroup section */
		B138A76A264F0AFC000F28CE = {
			isa = PBXGroup;
			children = (
				B138A775264F0AFC000F28CE /* MovieList */,
				B138A78C264F0AFF000F28CE /* MovieListTests */,
				B138A797264F0AFF000F28CE /* MovieListUITests */,
				B138A774264F0AFC000F28CE /* Products */,
			);
			sourceTree = "<group>";
		};
		B138A774264F0AFC000F28CE /* Products */ = {
			isa = PBXGroup;
			children = (
				B138A773264F0AFC000F28CE /* MovieList.app */,
				B138A789264F0AFF000F28CE /* MovieListTests.xctest */,
				B138A794264F0AFF000F28CE /* MovieListUITests.xctest */,
			);
			name = Products;
			sourceTree = "<group>";
		};
		B138A775264F0AFC000F28CE /* MovieList */ = {
			isa = PBXGroup;
			children = (
				B138A7C9264F100E000F28CE /* Model */,
				B138A7EC264F183F000F28CE /* Coordinator */,
				B138A7C0264F0D2A000F28CE /* Service */,
				B138A845264F2BB0000F28CE /* Arquiteturas */,
				B138A7BB264F0CD7000F28CE /* Utils */,
				B138A784264F0AFF000F28CE /* Info.plist */,
				B138A7F5264F1895000F28CE /* TabViewController.swift */,
			);
			path = MovieList;
			sourceTree = "<group>";
		};
		B138A78C264F0AFF000F28CE /* MovieListTests */ = {
			isa = PBXGroup;
			children = (
				B138A78D264F0AFF000F28CE /* MovieListTests.swift */,
				B138A78F264F0AFF000F28CE /* Info.plist */,
			);
			path = MovieListTests;
			sourceTree = "<group>";
		};
		B138A797264F0AFF000F28CE /* MovieListUITests */ = {
			isa = PBXGroup;
			children = (
				B138A798264F0AFF000F28CE /* MovieListUITests.swift */,
				B138A79A264F0AFF000F28CE /* Info.plist */,
			);
			path = MovieListUITests;
			sourceTree = "<group>";
		};
		B138A7BB264F0CD7000F28CE /* Utils */ = {
			isa = PBXGroup;
			children = (
				B138A7BC264F0CEA000F28CE /* Resource */,
				B138A781264F0AFF000F28CE /* LaunchScreen.storyboard */,
				B138A849264F2C18000F28CE /* ListView.swift */,
				B138A776264F0AFC000F28CE /* AppDelegate.swift */,
				B138A778264F0AFC000F28CE /* SceneDelegate.swift */,
				B138A7D5264F13BE000F28CE /* ViewCodable.swift */,
				B138A7DD264F13F0000F28CE /* UIView+AddViews.swift */,
			);
			path = Utils;
			sourceTree = "<group>";
		};
		B138A7BC264F0CEA000F28CE /* Resource */ = {
			isa = PBXGroup;
			children = (
				B138A77F264F0AFF000F28CE /* Assets.xcassets */,
			);
			path = Resource;
			sourceTree = "<group>";
		};
		B138A7C0264F0D2A000F28CE /* Service */ = {
			isa = PBXGroup;
			children = (
				B138A7C1264F0D37000F28CE /* Service.swift */,
			);
			path = Service;
			sourceTree = "<group>";
		};
		B138A7C9264F100E000F28CE /* Model */ = {
			isa = PBXGroup;
			children = (
				B138A7CA264F101A000F28CE /* Movie.swift */,
			);
			path = Model;
			sourceTree = "<group>";
		};
		B138A7D2264F1327000F28CE /* MVVM */ = {
			isa = PBXGroup;
			children = (
				B138A82C264F26C6000F28CE /* Detail */,
				B138A77A264F0AFC000F28CE /* MVVM_ViewController.swift */,
				B138A7E2264F1411000F28CE /* MVVM_View.swift */,
				B138A7E7264F1540000F28CE /* MVVM_ViewModel.swift */,
			);
			path = MVVM;
			sourceTree = "<group>";
		};
		B138A7D3264F1332000F28CE /* MVC */ = {
			isa = PBXGroup;
			children = (
				B138A833264F28D9000F28CE /* Detail */,
				B138A80D264F1FF8000F28CE /* MVC_ViewController.swift */,
				B138A812264F2004000F28CE /* MVC_View.swift */,
			);
			path = MVC;
			sourceTree = "<group>";
		};
		B138A7D4264F1337000F28CE /* MVP */ = {
			isa = PBXGroup;
			children = (
				B138A856264F2E53000F28CE /* MVP_ViewController.swift */,
				B138A85B264F2E5F000F28CE /* MVP_Presenter.swift */,
			);
			path = MVP;
			sourceTree = "<group>";
		};
		B138A7EC264F183F000F28CE /* Coordinator */ = {
			isa = PBXGroup;
			children = (
				B1E399F526530DB30019C42D /* Viper */,
				B138A860264F307C000F28CE /* MVP */,
				B138A817264F213D000F28CE /* MVC */,
				B138A800264F1997000F28CE /* MVVM */,
			);
			path = Coordinator;
			sourceTree = "<group>";
		};
		B138A800264F1997000F28CE /* MVVM */ = {
			isa = PBXGroup;
			children = (
				B138A7ED264F1855000F28CE /* MVVMCoordinator.swift */,
				B138A801264F19A6000F28CE /* MVVMEvent.swift */,
			);
			path = MVVM;
			sourceTree = "<group>";
		};
		B138A817264F213D000F28CE /* MVC */ = {
			isa = PBXGroup;
			children = (
				B138A818264F214E000F28CE /* MVCCoordinator.swift */,
			);
			path = MVC;
			sourceTree = "<group>";
		};
		B138A82C264F26C6000F28CE /* Detail */ = {
			isa = PBXGroup;
			children = (
				B138A81D264F2217000F28CE /* MVVM_DetailViewController.swift */,
				B138A822264F2266000F28CE /* MVVM_DetailView.swift */,
				B138A827264F22BD000F28CE /* MVVM_DetailViewModel.swift */,
			);
			path = Detail;
			sourceTree = "<group>";
		};
		B138A833264F28D9000F28CE /* Detail */ = {
			isa = PBXGroup;
			children = (
				B138A834264F28EC000F28CE /* MVC_DetailViewController.swift */,
			);
			path = Detail;
			sourceTree = "<group>";
		};
		B138A845264F2BB0000F28CE /* Arquiteturas */ = {
			isa = PBXGroup;
			children = (
				B1E399BD265306FE0019C42D /* Viper */,
				B138A7D4264F1337000F28CE /* MVP */,
				B138A7D3264F1332000F28CE /* MVC */,
				B138A7D2264F1327000F28CE /* MVVM */,
			);
			path = Arquiteturas;
			sourceTree = "<group>";
		};
		B138A860264F307C000F28CE /* MVP */ = {
			isa = PBXGroup;
			children = (
				B138A861264F3089000F28CE /* MVPCoordinator.swift */,
			);
			path = MVP;
			sourceTree = "<group>";
		};
		B1E399BD265306FE0019C42D /* Viper */ = {
			isa = PBXGroup;
			children = (
				B1E399DD26530A1F0019C42D /* Detail */,
				B1E399C4265307270019C42D /* Viper_ViewController.swift */,
				B1E399C92653073E0019C42D /* ViperProtocols.swift */,
				B1E399CE2653074D0019C42D /* Viper_Presenter.swift */,
				B1E399D3265307570019C42D /* Viper_Interactor.swift */,
				B1E399D8265307620019C42D /* Viper_Router.swift */,
			);
			path = Viper;
			sourceTree = "<group>";
		};
		B1E399DD26530A1F0019C42D /* Detail */ = {
			isa = PBXGroup;
			children = (
				B1E399DE26530A330019C42D /* Viper_DetailRouter.swift */,
				B1E399E626530A5E0019C42D /* Viper_DetailProtocols.swift */,
				B1E399EB26530B910019C42D /* Viper_DetailViewController.swift */,
				B1E399F026530B9D0019C42D /* Viper_DetailPresenter.swift */,
			);
			path = Detail;
			sourceTree = "<group>";
		};
		B1E399F526530DB30019C42D /* Viper */ = {
			isa = PBXGroup;
			children = (
				B1E399F626530DC60019C42D /* ViperCoordinator.swift */,
			);
			path = Viper;
			sourceTree = "<group>";
		};
/* End PBXGroup section */

/* Begin PBXNativeTarget section */
		B138A772264F0AFC000F28CE /* MovieList */ = {
			isa = PBXNativeTarget;
			buildConfigurationList = B138A79D264F0AFF000F28CE /* Build configuration list for PBXNativeTarget "MovieList" */;
			buildPhases = (
				B138A76F264F0AFC000F28CE /* Sources */,
				B138A770264F0AFC000F28CE /* Frameworks */,
				B138A771264F0AFC000F28CE /* Resources */,
			);
			buildRules = (
			);
			dependencies = (
			);
			name = MovieList;
			packageProductDependencies = (
				B138A7AD264F0CA1000F28CE /* NetworkFramework */,
				B138A7B3264F0CCD000F28CE /* Coordinator */,
			);
			productName = MovieList;
			productReference = B138A773264F0AFC000F28CE /* MovieList.app */;
			productType = "com.apple.product-type.application";
		};
		B138A788264F0AFF000F28CE /* MovieListTests */ = {
			isa = PBXNativeTarget;
			buildConfigurationList = B138A7A0264F0AFF000F28CE /* Build configuration list for PBXNativeTarget "MovieListTests" */;
			buildPhases = (
				B138A785264F0AFF000F28CE /* Sources */,
				B138A786264F0AFF000F28CE /* Frameworks */,
				B138A787264F0AFF000F28CE /* Resources */,
			);
			buildRules = (
			);
			dependencies = (
				B138A78B264F0AFF000F28CE /* PBXTargetDependency */,
			);
			name = MovieListTests;
			productName = MovieListTests;
			productReference = B138A789264F0AFF000F28CE /* MovieListTests.xctest */;
			productType = "com.apple.product-type.bundle.unit-test";
		};
		B138A793264F0AFF000F28CE /* MovieListUITests */ = {
			isa = PBXNativeTarget;
			buildConfigurationList = B138A7A3264F0AFF000F28CE /* Build configuration list for PBXNativeTarget "MovieListUITests" */;
			buildPhases = (
				B138A790264F0AFF000F28CE /* Sources */,
				B138A791264F0AFF000F28CE /* Frameworks */,
				B138A792264F0AFF000F28CE /* Resources */,
			);
			buildRules = (
			);
			dependencies = (
				B138A796264F0AFF000F28CE /* PBXTargetDependency */,
			);
			name = MovieListUITests;
			productName = MovieListUITests;
			productReference = B138A794264F0AFF000F28CE /* MovieListUITests.xctest */;
			productType = "com.apple.product-type.bundle.ui-testing";
		};
/* End PBXNativeTarget section */

/* Begin PBXProject section */
		B138A76B264F0AFC000F28CE /* Project object */ = {
			isa = PBXProject;
			attributes = {
				LastSwiftUpdateCheck = 1200;
				LastUpgradeCheck = 1200;
				TargetAttributes = {
					B138A772264F0AFC000F28CE = {
						CreatedOnToolsVersion = 12.0.1;
					};
					B138A788264F0AFF000F28CE = {
						CreatedOnToolsVersion = 12.0.1;
						TestTargetID = B138A772264F0AFC000F28CE;
					};
					B138A793264F0AFF000F28CE = {
						CreatedOnToolsVersion = 12.0.1;
						TestTargetID = B138A772264F0AFC000F28CE;
					};
				};
			};
			buildConfigurationList = B138A76E264F0AFC000F28CE /* Build configuration list for PBXProject "MovieList" */;
			compatibilityVersion = "Xcode 9.3";
			developmentRegion = en;
			hasScannedForEncodings = 0;
			knownRegions = (
				en,
				Base,
			);
			mainGroup = B138A76A264F0AFC000F28CE;
			packageReferences = (
				B138A7AC264F0CA1000F28CE /* XCRemoteSwiftPackageReference "NetworkFramework" */,
				B138A7B2264F0CCD000F28CE /* XCRemoteSwiftPackageReference "CoordinatorFramework" */,
			);
			productRefGroup = B138A774264F0AFC000F28CE /* Products */;
			projectDirPath = "";
			projectRoot = "";
			targets = (
				B138A772264F0AFC000F28CE /* MovieList */,
				B138A788264F0AFF000F28CE /* MovieListTests */,
				B138A793264F0AFF000F28CE /* MovieListUITests */,
			);
		};
/* End PBXProject section */

/* Begin PBXResourcesBuildPhase section */
		B138A771264F0AFC000F28CE /* Resources */ = {
			isa = PBXResourcesBuildPhase;
			buildActionMask = 2147483647;
			files = (
				B138A783264F0AFF000F28CE /* LaunchScreen.storyboard in Resources */,
				B138A780264F0AFF000F28CE /* Assets.xcassets in Resources */,
			);
			runOnlyForDeploymentPostprocessing = 0;
		};
		B138A787264F0AFF000F28CE /* Resources */ = {
			isa = PBXResourcesBuildPhase;
			buildActionMask = 2147483647;
			files = (
			);
			runOnlyForDeploymentPostprocessing = 0;
		};
		B138A792264F0AFF000F28CE /* Resources */ = {
			isa = PBXResourcesBuildPhase;
			buildActionMask = 2147483647;
			files = (
			);
			runOnlyForDeploymentPostprocessing = 0;
		};
/* End PBXResourcesBuildPhase section */

/* Begin PBXSourcesBuildPhase section */
		B138A76F264F0AFC000F28CE /* Sources */ = {
			isa = PBXSourcesBuildPhase;
			buildActionMask = 2147483647;
			files = (
				B1E399DF26530A330019C42D /* Viper_DetailRouter.swift in Sources */,
				B138A7E3264F1411000F28CE /* MVVM_View.swift in Sources */,
				B1E399C5265307270019C42D /* Viper_ViewController.swift in Sources */,
				B138A7E8264F1540000F28CE /* MVVM_ViewModel.swift in Sources */,
				B138A823264F2266000F28CE /* MVVM_DetailView.swift in Sources */,
				B138A77B264F0AFC000F28CE /* MVVM_ViewController.swift in Sources */,
				B1E399F126530B9D0019C42D /* Viper_DetailPresenter.swift in Sources */,
				B138A835264F28EC000F28CE /* MVC_DetailViewController.swift in Sources */,
				B138A7C2264F0D37000F28CE /* Service.swift in Sources */,
				B1E399D4265307570019C42D /* Viper_Interactor.swift in Sources */,
				B1E399CF2653074D0019C42D /* Viper_Presenter.swift in Sources */,
				B1E399F726530DC60019C42D /* ViperCoordinator.swift in Sources */,
				B138A80E264F1FF8000F28CE /* MVC_ViewController.swift in Sources */,
				B1E399CA2653073E0019C42D /* ViperProtocols.swift in Sources */,
				B1E399D9265307620019C42D /* Viper_Router.swift in Sources */,
				B138A819264F214E000F28CE /* MVCCoordinator.swift in Sources */,
				B138A777264F0AFC000F28CE /* AppDelegate.swift in Sources */,
				B138A81E264F2217000F28CE /* MVVM_DetailViewController.swift in Sources */,
				B138A85C264F2E5F000F28CE /* MVP_Presenter.swift in Sources */,
				B138A7DE264F13F0000F28CE /* UIView+AddViews.swift in Sources */,
				B138A813264F2004000F28CE /* MVC_View.swift in Sources */,
				B138A84A264F2C18000F28CE /* ListView.swift in Sources */,
				B138A802264F19A6000F28CE /* MVVMEvent.swift in Sources */,
				B138A862264F3089000F28CE /* MVPCoordinator.swift in Sources */,
				B1E399EC26530B910019C42D /* Viper_DetailViewController.swift in Sources */,
				B138A7F6264F1895000F28CE /* TabViewController.swift in Sources */,
				B138A828264F22BD000F28CE /* MVVM_DetailViewModel.swift in Sources */,
				B138A779264F0AFC000F28CE /* SceneDelegate.swift in Sources */,
				B138A857264F2E53000F28CE /* MVP_ViewController.swift in Sources */,
				B138A7CB264F101A000F28CE /* Movie.swift in Sources */,
				B138A7EE264F1855000F28CE /* MVVMCoordinator.swift in Sources */,
				B138A7D6264F13BE000F28CE /* ViewCodable.swift in Sources */,
				B1E399E726530A5E0019C42D /* Viper_DetailProtocols.swift in Sources */,
			);
			runOnlyForDeploymentPostprocessing = 0;
		};
		B138A785264F0AFF000F28CE /* Sources */ = {
			isa = PBXSourcesBuildPhase;
			buildActionMask = 2147483647;
			files = (
				B138A78E264F0AFF000F28CE /* MovieListTests.swift in Sources */,
			);
			runOnlyForDeploymentPostprocessing = 0;
		};
		B138A790264F0AFF000F28CE /* Sources */ = {
			isa = PBXSourcesBuildPhase;
			buildActionMask = 2147483647;
			files = (
				B138A799264F0AFF000F28CE /* MovieListUITests.swift in Sources */,
			);
			runOnlyForDeploymentPostprocessing = 0;
		};
/* End PBXSourcesBuildPhase section */

/* Begin PBXTargetDependency section */
		B138A78B264F0AFF000F28CE /* PBXTargetDependency */ = {
			isa = PBXTargetDependency;
			target = B138A772264F0AFC000F28CE /* MovieList */;
			targetProxy = B138A78A264F0AFF000F28CE /* PBXContainerItemProxy */;
		};
		B138A796264F0AFF000F28CE /* PBXTargetDependency */ = {
			isa = PBXTargetDependency;
			target = B138A772264F0AFC000F28CE /* MovieList */;
			targetProxy = B138A795264F0AFF000F28CE /* PBXContainerItemProxy */;
		};
/* End PBXTargetDependency section */

/* Begin PBXVariantGroup section */
		B138A781264F0AFF000F28CE /* LaunchScreen.storyboard */ = {
			isa = PBXVariantGroup;
			children = (
				B138A782264F0AFF000F28CE /* Base */,
			);
			name = LaunchScreen.storyboard;
			sourceTree = "<group>";
		};
/* End PBXVariantGroup section */

/* Begin XCBuildConfiguration section */
		B138A79B264F0AFF000F28CE /* Debug */ = {
			isa = XCBuildConfiguration;
			buildSettings = {
				ALWAYS_SEARCH_USER_PATHS = NO;
				CLANG_ANALYZER_NONNULL = YES;
				CLANG_ANALYZER_NUMBER_OBJECT_CONVERSION = YES_AGGRESSIVE;
				CLANG_CXX_LANGUAGE_STANDARD = "gnu++14";
				CLANG_CXX_LIBRARY = "libc++";
				CLANG_ENABLE_MODULES = YES;
				CLANG_ENABLE_OBJC_ARC = YES;
				CLANG_ENABLE_OBJC_WEAK = YES;
				CLANG_WARN_BLOCK_CAPTURE_AUTORELEASING = YES;
				CLANG_WARN_BOOL_CONVERSION = YES;
				CLANG_WARN_COMMA = YES;
				CLANG_WARN_CONSTANT_CONVERSION = YES;
				CLANG_WARN_DEPRECATED_OBJC_IMPLEMENTATIONS = YES;
				CLANG_WARN_DIRECT_OBJC_ISA_USAGE = YES_ERROR;
				CLANG_WARN_DOCUMENTATION_COMMENTS = YES;
				CLANG_WARN_EMPTY_BODY = YES;
				CLANG_WARN_ENUM_CONVERSION = YES;
				CLANG_WARN_INFINITE_RECURSION = YES;
				CLANG_WARN_INT_CONVERSION = YES;
				CLANG_WARN_NON_LITERAL_NULL_CONVERSION = YES;
				CLANG_WARN_OBJC_IMPLICIT_RETAIN_SELF = YES;
				CLANG_WARN_OBJC_LITERAL_CONVERSION = YES;
				CLANG_WARN_OBJC_ROOT_CLASS = YES_ERROR;
				CLANG_WARN_QUOTED_INCLUDE_IN_FRAMEWORK_HEADER = YES;
				CLANG_WARN_RANGE_LOOP_ANALYSIS = YES;
				CLANG_WARN_STRICT_PROTOTYPES = YES;
				CLANG_WARN_SUSPICIOUS_MOVE = YES;
				CLANG_WARN_UNGUARDED_AVAILABILITY = YES_AGGRESSIVE;
				CLANG_WARN_UNREACHABLE_CODE = YES;
				CLANG_WARN__DUPLICATE_METHOD_MATCH = YES;
				COPY_PHASE_STRIP = NO;
				DEBUG_INFORMATION_FORMAT = dwarf;
				ENABLE_STRICT_OBJC_MSGSEND = YES;
				ENABLE_TESTABILITY = YES;
				GCC_C_LANGUAGE_STANDARD = gnu11;
				GCC_DYNAMIC_NO_PIC = NO;
				GCC_NO_COMMON_BLOCKS = YES;
				GCC_OPTIMIZATION_LEVEL = 0;
				GCC_PREPROCESSOR_DEFINITIONS = (
					"DEBUG=1",
					"$(inherited)",
				);
				GCC_WARN_64_TO_32_BIT_CONVERSION = YES;
				GCC_WARN_ABOUT_RETURN_TYPE = YES_ERROR;
				GCC_WARN_UNDECLARED_SELECTOR = YES;
				GCC_WARN_UNINITIALIZED_AUTOS = YES_AGGRESSIVE;
				GCC_WARN_UNUSED_FUNCTION = YES;
				GCC_WARN_UNUSED_VARIABLE = YES;
				IPHONEOS_DEPLOYMENT_TARGET = 14.0;
				MTL_ENABLE_DEBUG_INFO = INCLUDE_SOURCE;
				MTL_FAST_MATH = YES;
				ONLY_ACTIVE_ARCH = YES;
				SDKROOT = iphoneos;
				SWIFT_ACTIVE_COMPILATION_CONDITIONS = DEBUG;
				SWIFT_OPTIMIZATION_LEVEL = "-Onone";
			};
			name = Debug;
		};
		B138A79C264F0AFF000F28CE /* Release */ = {
			isa = XCBuildConfiguration;
			buildSettings = {
				ALWAYS_SEARCH_USER_PATHS = NO;
				CLANG_ANALYZER_NONNULL = YES;
				CLANG_ANALYZER_NUMBER_OBJECT_CONVERSION = YES_AGGRESSIVE;
				CLANG_CXX_LANGUAGE_STANDARD = "gnu++14";
				CLANG_CXX_LIBRARY = "libc++";
				CLANG_ENABLE_MODULES = YES;
				CLANG_ENABLE_OBJC_ARC = YES;
				CLANG_ENABLE_OBJC_WEAK = YES;
				CLANG_WARN_BLOCK_CAPTURE_AUTORELEASING = YES;
				CLANG_WARN_BOOL_CONVERSION = YES;
				CLANG_WARN_COMMA = YES;
				CLANG_WARN_CONSTANT_CONVERSION = YES;
				CLANG_WARN_DEPRECATED_OBJC_IMPLEMENTATIONS = YES;
				CLANG_WARN_DIRECT_OBJC_ISA_USAGE = YES_ERROR;
				CLANG_WARN_DOCUMENTATION_COMMENTS = YES;
				CLANG_WARN_EMPTY_BODY = YES;
				CLANG_WARN_ENUM_CONVERSION = YES;
				CLANG_WARN_INFINITE_RECURSION = YES;
				CLANG_WARN_INT_CONVERSION = YES;
				CLANG_WARN_NON_LITERAL_NULL_CONVERSION = YES;
				CLANG_WARN_OBJC_IMPLICIT_RETAIN_SELF = YES;
				CLANG_WARN_OBJC_LITERAL_CONVERSION = YES;
				CLANG_WARN_OBJC_ROOT_CLASS = YES_ERROR;
				CLANG_WARN_QUOTED_INCLUDE_IN_FRAMEWORK_HEADER = YES;
				CLANG_WARN_RANGE_LOOP_ANALYSIS = YES;
				CLANG_WARN_STRICT_PROTOTYPES = YES;
				CLANG_WARN_SUSPICIOUS_MOVE = YES;
				CLANG_WARN_UNGUARDED_AVAILABILITY = YES_AGGRESSIVE;
				CLANG_WARN_UNREACHABLE_CODE = YES;
				CLANG_WARN__DUPLICATE_METHOD_MATCH = YES;
				COPY_PHASE_STRIP = NO;
				DEBUG_INFORMATION_FORMAT = "dwarf-with-dsym";
				ENABLE_NS_ASSERTIONS = NO;
				ENABLE_STRICT_OBJC_MSGSEND = YES;
				GCC_C_LANGUAGE_STANDARD = gnu11;
				GCC_NO_COMMON_BLOCKS = YES;
				GCC_WARN_64_TO_32_BIT_CONVERSION = YES;
				GCC_WARN_ABOUT_RETURN_TYPE = YES_ERROR;
				GCC_WARN_UNDECLARED_SELECTOR = YES;
				GCC_WARN_UNINITIALIZED_AUTOS = YES_AGGRESSIVE;
				GCC_WARN_UNUSED_FUNCTION = YES;
				GCC_WARN_UNUSED_VARIABLE = YES;
				IPHONEOS_DEPLOYMENT_TARGET = 14.0;
				MTL_ENABLE_DEBUG_INFO = NO;
				MTL_FAST_MATH = YES;
				SDKROOT = iphoneos;
				SWIFT_COMPILATION_MODE = wholemodule;
				SWIFT_OPTIMIZATION_LEVEL = "-O";
				VALIDATE_PRODUCT = YES;
			};
			name = Release;
		};
		B138A79E264F0AFF000F28CE /* Debug */ = {
			isa = XCBuildConfiguration;
			buildSettings = {
				ASSETCATALOG_COMPILER_APPICON_NAME = AppIcon;
				ASSETCATALOG_COMPILER_GLOBAL_ACCENT_COLOR_NAME = AccentColor;
				CODE_SIGN_STYLE = Automatic;
				DEVELOPMENT_TEAM = 33974MC9LS;
				INFOPLIST_FILE = MovieList/Info.plist;
				LD_RUNPATH_SEARCH_PATHS = (
					"$(inherited)",
					"@executable_path/Frameworks",
				);
				PRODUCT_BUNDLE_IDENTIFIER = rebelato.MovieList;
				PRODUCT_NAME = "$(TARGET_NAME)";
				SWIFT_VERSION = 5.0;
				TARGETED_DEVICE_FAMILY = "1,2";
			};
			name = Debug;
		};
		B138A79F264F0AFF000F28CE /* Release */ = {
			isa = XCBuildConfiguration;
			buildSettings = {
				ASSETCATALOG_COMPILER_APPICON_NAME = AppIcon;
				ASSETCATALOG_COMPILER_GLOBAL_ACCENT_COLOR_NAME = AccentColor;
				CODE_SIGN_STYLE = Automatic;
				DEVELOPMENT_TEAM = 33974MC9LS;
				INFOPLIST_FILE = MovieList/Info.plist;
				LD_RUNPATH_SEARCH_PATHS = (
					"$(inherited)",
					"@executable_path/Frameworks",
				);
				PRODUCT_BUNDLE_IDENTIFIER = rebelato.MovieList;
				PRODUCT_NAME = "$(TARGET_NAME)";
				SWIFT_VERSION = 5.0;
				TARGETED_DEVICE_FAMILY = "1,2";
			};
			name = Release;
		};
		B138A7A1264F0AFF000F28CE /* Debug */ = {
			isa = XCBuildConfiguration;
			buildSettings = {
				ALWAYS_EMBED_SWIFT_STANDARD_LIBRARIES = YES;
				BUNDLE_LOADER = "$(TEST_HOST)";
				CODE_SIGN_STYLE = Automatic;
				DEVELOPMENT_TEAM = 33974MC9LS;
				INFOPLIST_FILE = MovieListTests/Info.plist;
				IPHONEOS_DEPLOYMENT_TARGET = 14.0;
				LD_RUNPATH_SEARCH_PATHS = (
					"$(inherited)",
					"@executable_path/Frameworks",
					"@loader_path/Frameworks",
				);
				PRODUCT_BUNDLE_IDENTIFIER = rebelato.MovieListTests;
				PRODUCT_NAME = "$(TARGET_NAME)";
				SWIFT_VERSION = 5.0;
				TARGETED_DEVICE_FAMILY = "1,2";
				TEST_HOST = "$(BUILT_PRODUCTS_DIR)/MovieList.app/MovieList";
			};
			name = Debug;
		};
		B138A7A2264F0AFF000F28CE /* Release */ = {
			isa = XCBuildConfiguration;
			buildSettings = {
				ALWAYS_EMBED_SWIFT_STANDARD_LIBRARIES = YES;
				BUNDLE_LOADER = "$(TEST_HOST)";
				CODE_SIGN_STYLE = Automatic;
				DEVELOPMENT_TEAM = 33974MC9LS;
				INFOPLIST_FILE = MovieListTests/Info.plist;
				IPHONEOS_DEPLOYMENT_TARGET = 14.0;
				LD_RUNPATH_SEARCH_PATHS = (
					"$(inherited)",
					"@executable_path/Frameworks",
					"@loader_path/Frameworks",
				);
				PRODUCT_BUNDLE_IDENTIFIER = rebelato.MovieListTests;
				PRODUCT_NAME = "$(TARGET_NAME)";
				SWIFT_VERSION = 5.0;
				TARGETED_DEVICE_FAMILY = "1,2";
				TEST_HOST = "$(BUILT_PRODUCTS_DIR)/MovieList.app/MovieList";
			};
			name = Release;
		};
		B138A7A4264F0AFF000F28CE /* Debug */ = {
			isa = XCBuildConfiguration;
			buildSettings = {
				ALWAYS_EMBED_SWIFT_STANDARD_LIBRARIES = YES;
				CODE_SIGN_STYLE = Automatic;
				DEVELOPMENT_TEAM = 33974MC9LS;
				INFOPLIST_FILE = MovieListUITests/Info.plist;
				LD_RUNPATH_SEARCH_PATHS = (
					"$(inherited)",
					"@executable_path/Frameworks",
					"@loader_path/Frameworks",
				);
				PRODUCT_BUNDLE_IDENTIFIER = rebelato.MovieListUITests;
				PRODUCT_NAME = "$(TARGET_NAME)";
				SWIFT_VERSION = 5.0;
				TARGETED_DEVICE_FAMILY = "1,2";
				TEST_TARGET_NAME = MovieList;
			};
			name = Debug;
		};
		B138A7A5264F0AFF000F28CE /* Release */ = {
			isa = XCBuildConfiguration;
			buildSettings = {
				ALWAYS_EMBED_SWIFT_STANDARD_LIBRARIES = YES;
				CODE_SIGN_STYLE = Automatic;
				DEVELOPMENT_TEAM = 33974MC9LS;
				INFOPLIST_FILE = MovieListUITests/Info.plist;
				LD_RUNPATH_SEARCH_PATHS = (
					"$(inherited)",
					"@executable_path/Frameworks",
					"@loader_path/Frameworks",
				);
				PRODUCT_BUNDLE_IDENTIFIER = rebelato.MovieListUITests;
				PRODUCT_NAME = "$(TARGET_NAME)";
				SWIFT_VERSION = 5.0;
				TARGETED_DEVICE_FAMILY = "1,2";
				TEST_TARGET_NAME = MovieList;
			};
			name = Release;
		};
/* End XCBuildConfiguration section */

/* Begin XCConfigurationList section */
		B138A76E264F0AFC000F28CE /* Build configuration list for PBXProject "MovieList" */ = {
			isa = XCConfigurationList;
			buildConfigurations = (
				B138A79B264F0AFF000F28CE /* Debug */,
				B138A79C264F0AFF000F28CE /* Release */,
			);
			defaultConfigurationIsVisible = 0;
			defaultConfigurationName = Release;
		};
		B138A79D264F0AFF000F28CE /* Build configuration list for PBXNativeTarget "MovieList" */ = {
			isa = XCConfigurationList;
			buildConfigurations = (
				B138A79E264F0AFF000F28CE /* Debug */,
				B138A79F264F0AFF000F28CE /* Release */,
			);
			defaultConfigurationIsVisible = 0;
			defaultConfigurationName = Release;
		};
		B138A7A0264F0AFF000F28CE /* Build configuration list for PBXNativeTarget "MovieListTests" */ = {
			isa = XCConfigurationList;
			buildConfigurations = (
				B138A7A1264F0AFF000F28CE /* Debug */,
				B138A7A2264F0AFF000F28CE /* Release */,
			);
			defaultConfigurationIsVisible = 0;
			defaultConfigurationName = Release;
		};
		B138A7A3264F0AFF000F28CE /* Build configuration list for PBXNativeTarget "MovieListUITests" */ = {
			isa = XCConfigurationList;
			buildConfigurations = (
				B138A7A4264F0AFF000F28CE /* Debug */,
				B138A7A5264F0AFF000F28CE /* Release */,
			);
			defaultConfigurationIsVisible = 0;
			defaultConfigurationName = Release;
		};
/* End XCConfigurationList section */

/* Begin XCRemoteSwiftPackageReference section */
		B138A7AC264F0CA1000F28CE /* XCRemoteSwiftPackageReference "NetworkFramework" */ = {
			isa = XCRemoteSwiftPackageReference;
			repositoryURL = "https://github.com/rebelato/NetworkFramework";
			requirement = {
				kind = upToNextMajorVersion;
				minimumVersion = 1.0.0;
			};
		};
		B138A7B2264F0CCD000F28CE /* XCRemoteSwiftPackageReference "CoordinatorFramework" */ = {
			isa = XCRemoteSwiftPackageReference;
			repositoryURL = "https://github.com/rebelato/CoordinatorFramework.git";
			requirement = {
				kind = upToNextMajorVersion;
				minimumVersion = 1.0.3;
			};
		};
/* End XCRemoteSwiftPackageReference section */

/* Begin XCSwiftPackageProductDependency section */
		B138A7AD264F0CA1000F28CE /* NetworkFramework */ = {
			isa = XCSwiftPackageProductDependency;
			package = B138A7AC264F0CA1000F28CE /* XCRemoteSwiftPackageReference "NetworkFramework" */;
			productName = NetworkFramework;
		};
		B138A7B3264F0CCD000F28CE /* Coordinator */ = {
			isa = XCSwiftPackageProductDependency;
			package = B138A7B2264F0CCD000F28CE /* XCRemoteSwiftPackageReference "CoordinatorFramework" */;
			productName = Coordinator;
		};
/* End XCSwiftPackageProductDependency section */
	};
	rootObject = B138A76B264F0AFC000F28CE /* Project object */;
}
