{
  "object": {
    "pins": [
      {
        "package": "Coordinator",
        "repositoryURL": "https://github.com/rebelato/CoordinatorFramework.git",
        "state": {
          "branch": null,
          "revision": "d0053209f0dfdfe7cfd03f173080161cf203f74c",
          "version": "1.0.3"
        }
      },
      {
        "package": "NetworkFramework",
        "repositoryURL": "https://github.com/rebelato/NetworkFramework",
        "state": {
          "branch": null,
          "revision": "f88d2dc0db106331151a7cd93defcfff10354751",
          "version": "1.0.2"
        }
      }
    ]
  },
  "version": 1
}
